// !$*UTF8*$!
{
	archiveVersion = 1;
	classes = {
	};
	objectVersion = 46;
	objects = {

/* Begin PBXBuildFile section */
		55CADE541A0F90ED005C5130 /* Foundation.framework in Frameworks */ = {isa = PBXBuildFile; fileRef = 55CADE531A0F90ED005C5130 /* Foundation.framework */; };
		55CADE561A0F90ED005C5130 /* CoreGraphics.framework in Frameworks */ = {isa = PBXBuildFile; fileRef = 55CADE551A0F90ED005C5130 /* CoreGraphics.framework */; };
		55CADE581A0F90ED005C5130 /* UIKit.framework in Frameworks */ = {isa = PBXBuildFile; fileRef = 55CADE571A0F90ED005C5130 /* UIKit.framework */; };
		55CADE5E1A0F90ED005C5130 /* InfoPlist.strings in Resources */ = {isa = PBXBuildFile; fileRef = 55CADE5C1A0F90ED005C5130 /* InfoPlist.strings */; };
		55CADE601A0F90ED005C5130 /* main.m in Sources */ = {isa = PBXBuildFile; fileRef = 55CADE5F1A0F90ED005C5130 /* main.m */; };
		55CADE641A0F90ED005C5130 /* AppDelegate.m in Sources */ = {isa = PBXBuildFile; fileRef = 55CADE631A0F90ED005C5130 /* AppDelegate.m */; };
		55CADE661A0F90ED005C5130 /* Images.xcassets in Resources */ = {isa = PBXBuildFile; fileRef = 55CADE651A0F90ED005C5130 /* Images.xcassets */; };
		55CADE6D1A0F90ED005C5130 /* XCTest.framework in Frameworks */ = {isa = PBXBuildFile; fileRef = 55CADE6C1A0F90ED005C5130 /* XCTest.framework */; };
		55CADE6E1A0F90ED005C5130 /* Foundation.framework in Frameworks */ = {isa = PBXBuildFile; fileRef = 55CADE531A0F90ED005C5130 /* Foundation.framework */; };
		55CADE6F1A0F90ED005C5130 /* UIKit.framework in Frameworks */ = {isa = PBXBuildFile; fileRef = 55CADE571A0F90ED005C5130 /* UIKit.framework */; };
		55CADE771A0F90ED005C5130 /* InfoPlist.strings in Resources */ = {isa = PBXBuildFile; fileRef = 55CADE751A0F90ED005C5130 /* InfoPlist.strings */; };
		55CADE791A0F90ED005C5130 /* HHBirdTests.m in Sources */ = {isa = PBXBuildFile; fileRef = 55CADE781A0F90ED005C5130 /* HHBirdTests.m */; };
		55CADE8B1A0F917A005C5130 /* MainViewController.m in Sources */ = {isa = PBXBuildFile; fileRef = 55CADE891A0F917A005C5130 /* MainViewController.m */; };
		55CADE8C1A0F917A005C5130 /* MainViewController.xib in Resources */ = {isa = PBXBuildFile; fileRef = 55CADE8A1A0F917A005C5130 /* MainViewController.xib */; };
/* End PBXBuildFile section */

/* Begin PBXContainerItemProxy section */
		55CADE701A0F90ED005C5130 /* PBXContainerItemProxy */ = {
			isa = PBXContainerItemProxy;
			containerPortal = 55CADE481A0F90ED005C5130 /* Project object */;
			proxyType = 1;
			remoteGlobalIDString = 55CADE4F1A0F90ED005C5130;
			remoteInfo = HHBird;
		};
/* End PBXContainerItemProxy section */

/* Begin PBXFileReference section */
		55CADE501A0F90ED005C5130 /* HHBird.app */ = {isa = PBXFileReference; explicitFileType = wrapper.application; includeInIndex = 0; path = HHBird.app; sourceTree = BUILT_PRODUCTS_DIR; };
		55CADE531A0F90ED005C5130 /* Foundation.framework */ = {isa = PBXFileReference; lastKnownFileType = wrapper.framework; name = Foundation.framework; path = System/Library/Frameworks/Foundation.framework; sourceTree = SDKROOT; };
		55CADE551A0F90ED005C5130 /* CoreGraphics.framework */ = {isa = PBXFileReference; lastKnownFileType = wrapper.framework; name = CoreGraphics.framework; path = System/Library/Frameworks/CoreGraphics.framework; sourceTree = SDKROOT; };
		55CADE571A0F90ED005C5130 /* UIKit.framework */ = {isa = PBXFileReference; lastKnownFileType = wrapper.framework; name = UIKit.framework; path = System/Library/Frameworks/UIKit.framework; sourceTree = SDKROOT; };
		55CADE5B1A0F90ED005C5130 /* HHBird-Info.plist */ = {isa = PBXFileReference; lastKnownFileType = text.plist.xml; path = "HHBird-Info.plist"; sourceTree = "<group>"; };
		55CADE5D1A0F90ED005C5130 /* en */ = {isa = PBXFileReference; lastKnownFileType = text.plist.strings; name = en; path = en.lproj/InfoPlist.strings; sourceTree = "<group>"; };
		55CADE5F1A0F90ED005C5130 /* main.m */ = {isa = PBXFileReference; lastKnownFileType = sourcecode.c.objc; path = main.m; sourceTree = "<group>"; };
		55CADE611A0F90ED005C5130 /* HHBird-Prefix.pch */ = {isa = PBXFileReference; lastKnownFileType = sourcecode.c.h; path = "HHBird-Prefix.pch"; sourceTree = "<group>"; };
		55CADE621A0F90ED005C5130 /* AppDelegate.h */ = {isa = PBXFileReference; lastKnownFileType = sourcecode.c.h; path = AppDelegate.h; sourceTree = "<group>"; };
		55CADE631A0F90ED005C5130 /* AppDelegate.m */ = {isa = PBXFileReference; lastKnownFileType = sourcecode.c.objc; path = AppDelegate.m; sourceTree = "<group>"; };
		55CADE651A0F90ED005C5130 /* Images.xcassets */ = {isa = PBXFileReference; lastKnownFileType = folder.assetcatalog; path = Images.xcassets; sourceTree = "<group>"; };
		55CADE6B1A0F90ED005C5130 /* HHBirdTests.xctest */ = {isa = PBXFileReference; explicitFileType = wrapper.cfbundle; includeInIndex = 0; path = HHBirdTests.xctest; sourceTree = BUILT_PRODUCTS_DIR; };
		55CADE6C1A0F90ED005C5130 /* XCTest.framework */ = {isa = PBXFileReference; lastKnownFileType = wrapper.framework; name = XCTest.framework; path = Library/Frameworks/XCTest.framework; sourceTree = DEVELOPER_DIR; };
		55CADE741A0F90ED005C5130 /* HHBirdTests-Info.plist */ = {isa = PBXFileReference; lastKnownFileType = text.plist.xml; path = "HHBirdTests-Info.plist"; sourceTree = "<group>"; };
		55CADE761A0F90ED005C5130 /* en */ = {isa = PBXFileReference; lastKnownFileType = text.plist.strings; name = en; path = en.lproj/InfoPlist.strings; sourceTree = "<group>"; };
		55CADE781A0F90ED005C5130 /* HHBirdTests.m */ = {isa = PBXFileReference; lastKnownFileType = sourcecode.c.objc; path = HHBirdTests.m; sourceTree = "<group>"; };
		55CADE881A0F917A005C5130 /* MainViewController.h */ = {isa = PBXFileReference; fileEncoding = 4; lastKnownFileType = sourcecode.c.h; path = MainViewController.h; sourceTree = "<group>"; };
		55CADE891A0F917A005C5130 /* MainViewController.m */ = {isa = PBXFileReference; fileEncoding = 4; lastKnownFileType = sourcecode.c.objc; path = MainViewController.m; sourceTree = "<group>"; };
		55CADE8A1A0F917A005C5130 /* MainViewController.xib */ = {isa = PBXFileReference; fileEncoding = 4; lastKnownFileType = file.xib; path = MainViewController.xib; sourceTree = "<group>"; };
		55CADE8F1A0F936C005C5130 /* Macros.h */ = {isa = PBXFileReference; fileEncoding = 4; lastKnownFileType = sourcecode.c.h; path = Macros.h; sourceTree = "<group>"; };
/* End PBXFileReference section */

/* Begin PBXFrameworksBuildPhase section */
		55CADE4D1A0F90ED005C5130 /* Frameworks */ = {
			isa = PBXFrameworksBuildPhase;
			buildActionMask = 2147483647;
			files = (
				55CADE561A0F90ED005C5130 /* CoreGraphics.framework in Frameworks */,
				55CADE581A0F90ED005C5130 /* UIKit.framework in Frameworks */,
				55CADE541A0F90ED005C5130 /* Foundation.framework in Frameworks */,
			);
			runOnlyForDeploymentPostprocessing = 0;
		};
		55CADE681A0F90ED005C5130 /* Frameworks */ = {
			isa = PBXFrameworksBuildPhase;
			buildActionMask = 2147483647;
			files = (
				55CADE6D1A0F90ED005C5130 /* XCTest.framework in Frameworks */,
				55CADE6F1A0F90ED005C5130 /* UIKit.framework in Frameworks */,
				55CADE6E1A0F90ED005C5130 /* Foundation.framework in Frameworks */,
			);
			runOnlyForDeploymentPostprocessing = 0;
		};
/* End PBXFrameworksBuildPhase section */

/* Begin PBXGroup section */
		55CADE471A0F90ED005C5130 = {
			isa = PBXGroup;
			children = (
				55CADE591A0F90ED005C5130 /* HHBird */,
				55CADE721A0F90ED005C5130 /* HHBirdTests */,
				55CADE521A0F90ED005C5130 /* Frameworks */,
				55CADE511A0F90ED005C5130 /* Products */,
			);
			sourceTree = "<group>";
		};
		55CADE511A0F90ED005C5130 /* Products */ = {
			isa = PBXGroup;
			children = (
				55CADE501A0F90ED005C5130 /* HHBird.app */,
				55CADE6B1A0F90ED005C5130 /* HHBirdTests.xctest */,
			);
			name = Products;
			sourceTree = "<group>";
		};
		55CADE521A0F90ED005C5130 /* Frameworks */ = {
			isa = PBXGroup;
			children = (
				55CADE531A0F90ED005C5130 /* Foundation.framework */,
				55CADE551A0F90ED005C5130 /* CoreGraphics.framework */,
				55CADE571A0F90ED005C5130 /* UIKit.framework */,
				55CADE6C1A0F90ED005C5130 /* XCTest.framework */,
			);
			name = Frameworks;
			sourceTree = "<group>";
		};
		55CADE591A0F90ED005C5130 /* HHBird */ = {
			isa = PBXGroup;
			children = (
				55CADE621A0F90ED005C5130 /* AppDelegate.h */,
				55CADE631A0F90ED005C5130 /* AppDelegate.m */,
				55CADE871A0F917A005C5130 /* ViewControllers */,
				55CADE8E1A0F936C005C5130 /* Macros */,
				55CADE651A0F90ED005C5130 /* Images.xcassets */,
				55CADE5A1A0F90ED005C5130 /* Supporting Files */,
			);
			path = HHBird;
			sourceTree = "<group>";
		};
		55CADE5A1A0F90ED005C5130 /* Supporting Files */ = {
			isa = PBXGroup;
			children = (
				55CADE5B1A0F90ED005C5130 /* HHBird-Info.plist */,
				55CADE5C1A0F90ED005C5130 /* InfoPlist.strings */,
				55CADE5F1A0F90ED005C5130 /* main.m */,
				55CADE611A0F90ED005C5130 /* HHBird-Prefix.pch */,
			);
			name = "Supporting Files";
			sourceTree = "<group>";
		};
		55CADE721A0F90ED005C5130 /* HHBirdTests */ = {
			isa = PBXGroup;
			children = (
				55CADE781A0F90ED005C5130 /* HHBirdTests.m */,
				55CADE731A0F90ED005C5130 /* Supporting Files */,
			);
			path = HHBirdTests;
			sourceTree = "<group>";
		};
		55CADE731A0F90ED005C5130 /* Supporting Files */ = {
			isa = PBXGroup;
			children = (
				55CADE741A0F90ED005C5130 /* HHBirdTests-Info.plist */,
				55CADE751A0F90ED005C5130 /* InfoPlist.strings */,
			);
			name = "Supporting Files";
			sourceTree = "<group>";
		};
		55CADE871A0F917A005C5130 /* ViewControllers */ = {
			isa = PBXGroup;
			children = (
				55CADE881A0F917A005C5130 /* MainViewController.h */,
				55CADE891A0F917A005C5130 /* MainViewController.m */,
				55CADE8A1A0F917A005C5130 /* MainViewController.xib */,
			);
			path = ViewControllers;
			sourceTree = "<group>";
		};
		55CADE8E1A0F936C005C5130 /* Macros */ = {
			isa = PBXGroup;
			children = (
				55CADE8F1A0F936C005C5130 /* Macros.h */,
			);
			path = Macros;
			sourceTree = "<group>";
		};
/* End PBXGroup section */

/* Begin PBXNativeTarget section */
		55CADE4F1A0F90ED005C5130 /* HHBird */ = {
			isa = PBXNativeTarget;
			buildConfigurationList = 55CADE7C1A0F90ED005C5130 /* Build configuration list for PBXNativeTarget "HHBird" */;
			buildPhases = (
				55CADE4C1A0F90ED005C5130 /* Sources */,
				55CADE4D1A0F90ED005C5130 /* Frameworks */,
				55CADE4E1A0F90ED005C5130 /* Resources */,
			);
			buildRules = (
			);
			dependencies = (
			);
			name = HHBird;
			productName = HHBird;
			productReference = 55CADE501A0F90ED005C5130 /* HHBird.app */;
			productType = "com.apple.product-type.application";
		};
		55CADE6A1A0F90ED005C5130 /* HHBirdTests */ = {
			isa = PBXNativeTarget;
			buildConfigurationList = 55CADE7F1A0F90ED005C5130 /* Build configuration list for PBXNativeTarget "HHBirdTests" */;
			buildPhases = (
				55CADE671A0F90ED005C5130 /* Sources */,
				55CADE681A0F90ED005C5130 /* Frameworks */,
				55CADE691A0F90ED005C5130 /* Resources */,
			);
			buildRules = (
			);
			dependencies = (
				55CADE711A0F90ED005C5130 /* PBXTargetDependency */,
			);
			name = HHBirdTests;
			productName = HHBirdTests;
			productReference = 55CADE6B1A0F90ED005C5130 /* HHBirdTests.xctest */;
			productType = "com.apple.product-type.bundle.unit-test";
		};
/* End PBXNativeTarget section */

/* Begin PBXProject section */
		55CADE481A0F90ED005C5130 /* Project object */ = {
			isa = PBXProject;
			attributes = {
				LastUpgradeCheck = 0510;
				ORGANIZATIONNAME = "Tran Hoang Ha";
				TargetAttributes = {
					55CADE6A1A0F90ED005C5130 = {
						TestTargetID = 55CADE4F1A0F90ED005C5130;
					};
				};
			};
			buildConfigurationList = 55CADE4B1A0F90ED005C5130 /* Build configuration list for PBXProject "HHBird" */;
			compatibilityVersion = "Xcode 3.2";
			developmentRegion = English;
			hasScannedForEncodings = 0;
			knownRegions = (
				en,
			);
			mainGroup = 55CADE471A0F90ED005C5130;
			productRefGroup = 55CADE511A0F90ED005C5130 /* Products */;
			projectDirPath = "";
			projectRoot = "";
			targets = (
				55CADE4F1A0F90ED005C5130 /* HHBird */,
				55CADE6A1A0F90ED005C5130 /* HHBirdTests */,
			);
		};
/* End PBXProject section */

/* Begin PBXResourcesBuildPhase section */
		55CADE4E1A0F90ED005C5130 /* Resources */ = {
			isa = PBXResourcesBuildPhase;
			buildActionMask = 2147483647;
			files = (
				55CADE5E1A0F90ED005C5130 /* InfoPlist.strings in Resources */,
				55CADE8C1A0F917A005C5130 /* MainViewController.xib in Resources */,
				55CADE661A0F90ED005C5130 /* Images.xcassets in Resources */,
			);
			runOnlyForDeploymentPostprocessing = 0;
		};
		55CADE691A0F90ED005C5130 /* Resources */ = {
			isa = PBXResourcesBuildPhase;
			buildActionMask = 2147483647;
			files = (
				55CADE771A0F90ED005C5130 /* InfoPlist.strings in Resources */,
			);
			runOnlyForDeploymentPostprocessing = 0;
		};
/* End PBXResourcesBuildPhase section */

/* Begin PBXSourcesBuildPhase section */
		55CADE4C1A0F90ED005C5130 /* Sources */ = {
			isa = PBXSourcesBuildPhase;
			buildActionMask = 2147483647;
			files = (
				55CADE641A0F90ED005C5130 /* AppDelegate.m in Sources */,
				55CADE8B1A0F917A005C5130 /* MainViewController.m in Sources */,
				55CADE601A0F90ED005C5130 /* main.m in Sources */,
			);
			runOnlyForDeploymentPostprocessing = 0;
		};
		55CADE671A0F90ED005C5130 /* Sources */ = {
			isa = PBXSourcesBuildPhase;
			buildActionMask = 2147483647;
			files = (
				55CADE791A0F90ED005C5130 /* HHBirdTests.m in Sources */,
			);
			runOnlyForDeploymentPostprocessing = 0;
		};
/* End PBXSourcesBuildPhase section */

/* Begin PBXTargetDependency section */
		55CADE711A0F90ED005C5130 /* PBXTargetDependency */ = {
			isa = PBXTargetDependency;
			target = 55CADE4F1A0F90ED005C5130 /* HHBird */;
			targetProxy = 55CADE701A0F90ED005C5130 /* PBXContainerItemProxy */;
		};
/* End PBXTargetDependency section */

/* Begin PBXVariantGroup section */
		55CADE5C1A0F90ED005C5130 /* InfoPlist.strings */ = {
			isa = PBXVariantGroup;
			children = (
				55CADE5D1A0F90ED005C5130 /* en */,
			);
			name = InfoPlist.strings;
			sourceTree = "<group>";
		};
		55CADE751A0F90ED005C5130 /* InfoPlist.strings */ = {
			isa = PBXVariantGroup;
			children = (
				55CADE761A0F90ED005C5130 /* en */,
			);
			name = InfoPlist.strings;
			sourceTree = "<group>";
		};
/* End PBXVariantGroup section */

/* Begin XCBuildConfiguration section */
		55CADE7A1A0F90ED005C5130 /* Debug */ = {
			isa = XCBuildConfiguration;
			buildSettings = {
				ALWAYS_SEARCH_USER_PATHS = NO;
				CLANG_CXX_LANGUAGE_STANDARD = "gnu++0x";
				CLANG_CXX_LIBRARY = "libc++";
				CLANG_ENABLE_MODULES = YES;
				CLANG_ENABLE_OBJC_ARC = YES;
				CLANG_WARN_BOOL_CONVERSION = YES;
				CLANG_WARN_CONSTANT_CONVERSION = YES;
				CLANG_WARN_DIRECT_OBJC_ISA_USAGE = YES_ERROR;
				CLANG_WARN_EMPTY_BODY = YES;
				CLANG_WARN_ENUM_CONVERSION = YES;
				CLANG_WARN_INT_CONVERSION = YES;
				CLANG_WARN_OBJC_ROOT_CLASS = YES_ERROR;
				CLANG_WARN__DUPLICATE_METHOD_MATCH = YES;
				"CODE_SIGN_IDENTITY[sdk=iphoneos*]" = "iPhone Developer";
				COPY_PHASE_STRIP = NO;
				GCC_C_LANGUAGE_STANDARD = gnu99;
				GCC_DYNAMIC_NO_PIC = NO;
				GCC_OPTIMIZATION_LEVEL = 0;
				GCC_PREPROCESSOR_DEFINITIONS = (
					"DEBUG=1",
					"$(inherited)",
				);
				GCC_SYMBOLS_PRIVATE_EXTERN = NO;
				GCC_WARN_64_TO_32_BIT_CONVERSION = YES;
				GCC_WARN_ABOUT_RETURN_TYPE = YES_ERROR;
				GCC_WARN_UNDECLARED_SELECTOR = YES;
				GCC_WARN_UNINITIALIZED_AUTOS = YES_AGGRESSIVE;
				GCC_WARN_UNUSED_FUNCTION = YES;
				GCC_WARN_UNUSED_VARIABLE = YES;
				IPHONEOS_DEPLOYMENT_TARGET = 7.1;
				ONLY_ACTIVE_ARCH = YES;
				SDKROOT = iphoneos;
			};
			name = Debug;
		};
		55CADE7B1A0F90ED005C5130 /* Release */ = {
			isa = XCBuildConfiguration;
			buildSettings = {
				ALWAYS_SEARCH_USER_PATHS = NO;
				CLANG_CXX_LANGUAGE_STANDARD = "gnu++0x";
				CLANG_CXX_LIBRARY = "libc++";
				CLANG_ENABLE_MODULES = YES;
				CLANG_ENABLE_OBJC_ARC = YES;
				CLANG_WARN_BOOL_CONVERSION = YES;
				CLANG_WARN_CONSTANT_CONVERSION = YES;
				CLANG_WARN_DIRECT_OBJC_ISA_USAGE = YES_ERROR;
				CLANG_WARN_EMPTY_BODY = YES;
				CLANG_WARN_ENUM_CONVERSION = YES;
				CLANG_WARN_INT_CONVERSION = YES;
				CLANG_WARN_OBJC_ROOT_CLASS = YES_ERROR;
				CLANG_WARN__DUPLICATE_METHOD_MATCH = YES;
				"CODE_SIGN_IDENTITY[sdk=iphoneos*]" = "iPhone Developer";
				COPY_PHASE_STRIP = YES;
				ENABLE_NS_ASSERTIONS = NO;
				GCC_C_LANGUAGE_STANDARD = gnu99;
				GCC_WARN_64_TO_32_BIT_CONVERSION = YES;
				GCC_WARN_ABOUT_RETURN_TYPE = YES_ERROR;
				GCC_WARN_UNDECLARED_SELECTOR = YES;
				GCC_WARN_UNINITIALIZED_AUTOS = YES_AGGRESSIVE;
				GCC_WARN_UNUSED_FUNCTION = YES;
				GCC_WARN_UNUSED_VARIABLE = YES;
				IPHONEOS_DEPLOYMENT_TARGET = 7.1;
				SDKROOT = iphoneos;
				VALIDATE_PRODUCT = YES;
			};
			name = Release;
		};
		55CADE7D1A0F90ED005C5130 /* Debug */ = {
			isa = XCBuildConfiguration;
			buildSettings = {
				ASSETCATALOG_COMPILER_APPICON_NAME = AppIcon;
				ASSETCATALOG_COMPILER_LAUNCHIMAGE_NAME = LaunchImage;
				GCC_PRECOMPILE_PREFIX_HEADER = YES;
				GCC_PREFIX_HEADER = "HHBird/HHBird-Prefix.pch";
				INFOPLIST_FILE = "HHBird/HHBird-Info.plist";
				PRODUCT_NAME = "$(TARGET_NAME)";
				WRAPPER_EXTENSION = app;
			};
			name = Debug;
		};
		55CADE7E1A0F90ED005C5130 /* Release */ = {
			isa = XCBuildConfiguration;
			buildSettings = {
				ASSETCATALOG_COMPILER_APPICON_NAME = AppIcon;
				ASSETCATALOG_COMPILER_LAUNCHIMAGE_NAME = LaunchImage;
				GCC_PRECOMPILE_PREFIX_HEADER = YES;
				GCC_PREFIX_HEADER = "HHBird/HHBird-Prefix.pch";
				INFOPLIST_FILE = "HHBird/HHBird-Info.plist";
				PRODUCT_NAME = "$(TARGET_NAME)";
				WRAPPER_EXTENSION = app;
			};
			name = Release;
		};
		55CADE801A0F90ED005C5130 /* Debug */ = {
			isa = XCBuildConfiguration;
			buildSettings = {
				BUNDLE_LOADER = "$(BUILT_PRODUCTS_DIR)/HHBird.app/HHBird";
				FRAMEWORK_SEARCH_PATHS = (
					"$(SDKROOT)/Developer/Library/Frameworks",
					"$(inherited)",
					"$(DEVELOPER_FRAMEWORKS_DIR)",
				);
				GCC_PRECOMPILE_PREFIX_HEADER = YES;
				GCC_PREFIX_HEADER = "HHBird/HHBird-Prefix.pch";
				GCC_PREPROCESSOR_DEFINITIONS = (
					"DEBUG=1",
					"$(inherited)",
				);
				INFOPLIST_FILE = "HHBirdTests/HHBirdTests-Info.plist";
				PRODUCT_NAME = "$(TARGET_NAME)";
				TEST_HOST = "$(BUNDLE_LOADER)";
				WRAPPER_EXTENSION = xctest;
			};
			name = Debug;
		};
		55CADE811A0F90ED005C5130 /* Release */ = {
			isa = XCBuildConfiguration;
			buildSettings = {
				BUNDLE_LOADER = "$(BUILT_PRODUCTS_DIR)/HHBird.app/HHBird";
				FRAMEWORK_SEARCH_PATHS = (
					"$(SDKROOT)/Developer/Library/Frameworks",
					"$(inherited)",
					"$(DEVELOPER_FRAMEWORKS_DIR)",
				);
				GCC_PRECOMPILE_PREFIX_HEADER = YES;
				GCC_PREFIX_HEADER = "HHBird/HHBird-Prefix.pch";
				INFOPLIST_FILE = "HHBirdTests/HHBirdTests-Info.plist";
				PRODUCT_NAME = "$(TARGET_NAME)";
				TEST_HOST = "$(BUNDLE_LOADER)";
				WRAPPER_EXTENSION = xctest;
			};
			name = Release;
		};
/* End XCBuildConfiguration section */

/* Begin XCConfigurationList section */
		55CADE4B1A0F90ED005C5130 /* Build configuration list for PBXProject "HHBird" */ = {
			isa = XCConfigurationList;
			buildConfigurations = (
				55CADE7A1A0F90ED005C5130 /* Debug */,
				55CADE7B1A0F90ED005C5130 /* Release */,
			);
			defaultConfigurationIsVisible = 0;
			defaultConfigurationName = Release;
		};
		55CADE7C1A0F90ED005C5130 /* Build configuration list for PBXNativeTarget "HHBird" */ = {
			isa = XCConfigurationList;
			buildConfigurations = (
				55CADE7D1A0F90ED005C5130 /* Debug */,
				55CADE7E1A0F90ED005C5130 /* Release */,
			);
			defaultConfigurationIsVisible = 0;
		};
		55CADE7F1A0F90ED005C5130 /* Build configuration list for PBXNativeTarget "HHBirdTests" */ = {
			isa = XCConfigurationList;
			buildConfigurations = (
				55CADE801A0F90ED005C5130 /* Debug */,
				55CADE811A0F90ED005C5130 /* Release */,
			);
			defaultConfigurationIsVisible = 0;
		};
/* End XCConfigurationList section */
	};
	rootObject = 55CADE481A0F90ED005C5130 /* Project object */;
}
